
Microsoft Visual Studio Solution File, Format Version 12.00
# Visual Studio Version 16
VisualStudioVersion = 16.0.29728.190
MinimumVisualStudioVersion = 10.0.40219.1
Project("{FAE04EC0-301F-11D3-BF4B-00C04F79EFBC}") = "SQLCover", "SQLCover\SQLCover.csproj", "{2AB093C7-88AE-4F6B-940E-9AE6DBC4CC87}"
EndProject
Project("{2150E333-8FDC-42A3-9474-1A3956D46DE8}") = "test", "test", "{DB9215AD-D611-49A3-8061-2AA1E957F12C}"
	ProjectSection(SolutionItems) = preProject
		test\CreateDockerDbInstance.ps1 = test\CreateDockerDbInstance.ps1
		DeployDatabasesForTesting.ps1 = DeployDatabasesForTesting.ps1
		test\deployLocal.ps1 = test\deployLocal.ps1
		test\testLocal.ps1 = test\testLocal.ps1
	EndProjectSection
EndProject
Project("{FAE04EC0-301F-11D3-BF4B-00C04F79EFBC}") = "SQLCover.UnitTests", "test\SQLCover.UnitTests\SQLCover.UnitTests.csproj", "{A5CB51AE-7313-489E-A1F4-C791FE76824E}"
EndProject
Project("{FAE04EC0-301F-11D3-BF4B-00C04F79EFBC}") = "SQLCover.IntegrationTests", "test\SQLCover.IntegrationTests\SQLCover.IntegrationTests.csproj", "{4D42F47A-D116-4881-8270-7B9250FB898C}"
EndProject
Project("{00D1A9C2-B5F0-4AF3-8072-F6C62B433612}") = "DatabaseProject", "DatabaseProject\DatabaseProject.sqlproj", "{25389F17-3E61-491E-B99A-B845AE8529BA}"
EndProject
Project("{FAE04EC0-301F-11D3-BF4B-00C04F79EFBC}") = "TestLib", "test\TestLib\TestLib.csproj", "{892698FB-618A-4D80-B035-3520148603BF}"
EndProject
Project("{00D1A9C2-B5F0-4AF3-8072-F6C62B433612}") = "DatabaseWithTests", "test\DatabaseWithTests\DatabaseWithTests.sqlproj", "{021EDCB7-E7A1-4F6E-BF0D-73AA4DA7B62A}"
EndProject
Project("{FAE04EC0-301F-11D3-BF4B-00C04F79EFBC}") = "SqlCoverCore", "SqlCoverCore\SqlCoverCore.csproj", "{B357F256-EC99-4132-A198-83DE1F1D34B5}"
EndProject
Project("{FAE04EC0-301F-11D3-BF4B-00C04F79EFBC}") = "SqlCoverCore.UnitTests", "SqlCoverCore.UnitTests\SqlCoverCore.UnitTests.csproj", "{3DE5F44C-8BE9-49D2-9196-3F6A6161FEF3}"
EndProject
Global
	GlobalSection(SolutionConfigurationPlatforms) = preSolution
		Debug|Any CPU = Debug|Any CPU
		Release|Any CPU = Release|Any CPU
	EndGlobalSection
	GlobalSection(ProjectConfigurationPlatforms) = postSolution
		{2AB093C7-88AE-4F6B-940E-9AE6DBC4CC87}.Debug|Any CPU.ActiveCfg = Debug|Any CPU
		{2AB093C7-88AE-4F6B-940E-9AE6DBC4CC87}.Debug|Any CPU.Build.0 = Debug|Any CPU
		{2AB093C7-88AE-4F6B-940E-9AE6DBC4CC87}.Release|Any CPU.ActiveCfg = Release|Any CPU
		{2AB093C7-88AE-4F6B-940E-9AE6DBC4CC87}.Release|Any CPU.Build.0 = Release|Any CPU
		{A5CB51AE-7313-489E-A1F4-C791FE76824E}.Debug|Any CPU.ActiveCfg = Debug|Any CPU
		{A5CB51AE-7313-489E-A1F4-C791FE76824E}.Debug|Any CPU.Build.0 = Debug|Any CPU
		{A5CB51AE-7313-489E-A1F4-C791FE76824E}.Release|Any CPU.ActiveCfg = Release|Any CPU
		{A5CB51AE-7313-489E-A1F4-C791FE76824E}.Release|Any CPU.Build.0 = Release|Any CPU
		{4D42F47A-D116-4881-8270-7B9250FB898C}.Debug|Any CPU.ActiveCfg = Debug|Any CPU
		{4D42F47A-D116-4881-8270-7B9250FB898C}.Debug|Any CPU.Build.0 = Debug|Any CPU
		{4D42F47A-D116-4881-8270-7B9250FB898C}.Release|Any CPU.ActiveCfg = Release|Any CPU
		{4D42F47A-D116-4881-8270-7B9250FB898C}.Release|Any CPU.Build.0 = Release|Any CPU
		{25389F17-3E61-491E-B99A-B845AE8529BA}.Debug|Any CPU.ActiveCfg = Debug|Any CPU
		{25389F17-3E61-491E-B99A-B845AE8529BA}.Debug|Any CPU.Build.0 = Debug|Any CPU
		{25389F17-3E61-491E-B99A-B845AE8529BA}.Debug|Any CPU.Deploy.0 = Debug|Any CPU
		{25389F17-3E61-491E-B99A-B845AE8529BA}.Release|Any CPU.ActiveCfg = Release|Any CPU
		{25389F17-3E61-491E-B99A-B845AE8529BA}.Release|Any CPU.Build.0 = Release|Any CPU
		{25389F17-3E61-491E-B99A-B845AE8529BA}.Release|Any CPU.Deploy.0 = Release|Any CPU
		{892698FB-618A-4D80-B035-3520148603BF}.Debug|Any CPU.ActiveCfg = Debug|Any CPU
		{892698FB-618A-4D80-B035-3520148603BF}.Debug|Any CPU.Build.0 = Debug|Any CPU
		{892698FB-618A-4D80-B035-3520148603BF}.Release|Any CPU.ActiveCfg = Release|Any CPU
		{892698FB-618A-4D80-B035-3520148603BF}.Release|Any CPU.Build.0 = Release|Any CPU
		{021EDCB7-E7A1-4F6E-BF0D-73AA4DA7B62A}.Debug|Any CPU.ActiveCfg = Debug|Any CPU
		{021EDCB7-E7A1-4F6E-BF0D-73AA4DA7B62A}.Debug|Any CPU.Build.0 = Debug|Any CPU
		{021EDCB7-E7A1-4F6E-BF0D-73AA4DA7B62A}.Debug|Any CPU.Deploy.0 = Debug|Any CPU
		{021EDCB7-E7A1-4F6E-BF0D-73AA4DA7B62A}.Release|Any CPU.ActiveCfg = Release|Any CPU
		{021EDCB7-E7A1-4F6E-BF0D-73AA4DA7B62A}.Release|Any CPU.Build.0 = Release|Any CPU
		{021EDCB7-E7A1-4F6E-BF0D-73AA4DA7B62A}.Release|Any CPU.Deploy.0 = Release|Any CPU
		{B357F256-EC99-4132-A198-83DE1F1D34B5}.Debug|Any CPU.ActiveCfg = Debug|Any CPU
		{B357F256-EC99-4132-A198-83DE1F1D34B5}.Debug|Any CPU.Build.0 = Debug|Any CPU
		{B357F256-EC99-4132-A198-83DE1F1D34B5}.Release|Any CPU.ActiveCfg = Release|Any CPU
		{B357F256-EC99-4132-A198-83DE1F1D34B5}.Release|Any CPU.Build.0 = Release|Any CPU
		{3DE5F44C-8BE9-49D2-9196-3F6A6161FEF3}.Debug|Any CPU.ActiveCfg = Debug|Any CPU
		{3DE5F44C-8BE9-49D2-9196-3F6A6161FEF3}.Debug|Any CPU.Build.0 = Debug|Any CPU
		{3DE5F44C-8BE9-49D2-9196-3F6A6161FEF3}.Release|Any CPU.ActiveCfg = Release|Any CPU
		{3DE5F44C-8BE9-49D2-9196-3F6A6161FEF3}.Release|Any CPU.Build.0 = Release|Any CPU
	EndGlobalSection
	GlobalSection(SolutionProperties) = preSolution
		HideSolutionNode = FALSE
	EndGlobalSection
	GlobalSection(NestedProjects) = preSolution
		{A5CB51AE-7313-489E-A1F4-C791FE76824E} = {DB9215AD-D611-49A3-8061-2AA1E957F12C}
		{4D42F47A-D116-4881-8270-7B9250FB898C} = {DB9215AD-D611-49A3-8061-2AA1E957F12C}
		{25389F17-3E61-491E-B99A-B845AE8529BA} = {DB9215AD-D611-49A3-8061-2AA1E957F12C}
		{892698FB-618A-4D80-B035-3520148603BF} = {DB9215AD-D611-49A3-8061-2AA1E957F12C}
		{021EDCB7-E7A1-4F6E-BF0D-73AA4DA7B62A} = {DB9215AD-D611-49A3-8061-2AA1E957F12C}
		{3DE5F44C-8BE9-49D2-9196-3F6A6161FEF3} = {DB9215AD-D611-49A3-8061-2AA1E957F12C}
	EndGlobalSection
	GlobalSection(ExtensibilityGlobals) = postSolution
		SolutionGuid = {5524B744-8BA0-4B61-8D23-CD1685FEE6F0}
	EndGlobalSection
EndGlobal
